// !$*UTF8*$!
{
	archiveVersion = 1;
	classes = {
	};
	objectVersion = 46;
	objects = {

/* Begin PBXBuildFile section */
		2AA9A4ED1C48D718008D8CEA /* main.m in Sources */ = {isa = PBXBuildFile; fileRef = 2AA9A4EC1C48D718008D8CEA /* main.m */; };
		2AA9A4F01C48D718008D8CEA /* AppDelegate.m in Sources */ = {isa = PBXBuildFile; fileRef = 2AA9A4EF1C48D718008D8CEA /* AppDelegate.m */; };
		2AA9A4F31C48D718008D8CEA /* ViewController.m in Sources */ = {isa = PBXBuildFile; fileRef = 2AA9A4F21C48D718008D8CEA /* ViewController.m */; };
		2AA9A4F61C48D718008D8CEA /* Main.storyboard in Resources */ = {isa = PBXBuildFile; fileRef = 2AA9A4F41C48D718008D8CEA /* Main.storyboard */; };
		2AA9A4F81C48D718008D8CEA /* Assets.xcassets in Resources */ = {isa = PBXBuildFile; fileRef = 2AA9A4F71C48D718008D8CEA /* Assets.xcassets */; };
		2AA9A4FB1C48D718008D8CEA /* LaunchScreen.storyboard in Resources */ = {isa = PBXBuildFile; fileRef = 2AA9A4F91C48D718008D8CEA /* LaunchScreen.storyboard */; };
		2AA9A5061C48D718008D8CEA /* TextUICollectViewControllerTests.m in Sources */ = {isa = PBXBuildFile; fileRef = 2AA9A5051C48D718008D8CEA /* TextUICollectViewControllerTests.m */; };
		2AA9A5111C48D718008D8CEA /* TextUICollectViewControllerUITests.m in Sources */ = {isa = PBXBuildFile; fileRef = 2AA9A5101C48D718008D8CEA /* TextUICollectViewControllerUITests.m */; };
		2AA9A5201C48D8D4008D8CEA /* MyCollectionViewController.m in Sources */ = {isa = PBXBuildFile; fileRef = 2AA9A51F1C48D8D4008D8CEA /* MyCollectionViewController.m */; };
		2AA9A5241C48D918008D8CEA /* CustomCollectionViewFlowLayout.m in Sources */ = {isa = PBXBuildFile; fileRef = 2AA9A5231C48D918008D8CEA /* CustomCollectionViewFlowLayout.m */; };
		2AA9A5281C48D93E008D8CEA /* ImageCollectionViewCell.m in Sources */ = {isa = PBXBuildFile; fileRef = 2AA9A5261C48D93E008D8CEA /* ImageCollectionViewCell.m */; };
		2AA9A5291C48D93E008D8CEA /* ImageCollectionViewCell.xib in Resources */ = {isa = PBXBuildFile; fileRef = 2AA9A5271C48D93E008D8CEA /* ImageCollectionViewCell.xib */; };
		2AB4633B1CA2C309008968CE /* 1.jpg in Resources */ = {isa = PBXBuildFile; fileRef = 2AB4632C1CA2C309008968CE /* 1.jpg */; };
		2AB463421CA2C309008968CE /* 2.jpg in Resources */ = {isa = PBXBuildFile; fileRef = 2AB463331CA2C309008968CE /* 2.jpg */; };
		2AB463431CA2C309008968CE /* 3.jpg in Resources */ = {isa = PBXBuildFile; fileRef = 2AB463341CA2C309008968CE /* 3.jpg */; };
		2AB463441CA2C309008968CE /* 4.jpg in Resources */ = {isa = PBXBuildFile; fileRef = 2AB463351CA2C309008968CE /* 4.jpg */; };
		2AB463451CA2C309008968CE /* 5.jpg in Resources */ = {isa = PBXBuildFile; fileRef = 2AB463361CA2C309008968CE /* 5.jpg */; };
		2AB463461CA2C309008968CE /* 6.jpg in Resources */ = {isa = PBXBuildFile; fileRef = 2AB463371CA2C309008968CE /* 6.jpg */; };
		2AB463471CA2C309008968CE /* 7.jpg in Resources */ = {isa = PBXBuildFile; fileRef = 2AB463381CA2C309008968CE /* 7.jpg */; };
		2AB463481CA2C309008968CE /* 8.jpg in Resources */ = {isa = PBXBuildFile; fileRef = 2AB463391CA2C309008968CE /* 8.jpg */; };
/* End PBXBuildFile section */

/* Begin PBXContainerItemProxy section */
		2AA9A5021C48D718008D8CEA /* PBXContainerItemProxy */ = {
			isa = PBXContainerItemProxy;
			containerPortal = 2AA9A4E01C48D718008D8CEA /* Project object */;
			proxyType = 1;
			remoteGlobalIDString = 2AA9A4E71C48D718008D8CEA;
			remoteInfo = TextUICollectViewController;
		};
		2AA9A50D1C48D718008D8CEA /* PBXContainerItemProxy */ = {
			isa = PBXContainerItemProxy;
			containerPortal = 2AA9A4E01C48D718008D8CEA /* Project object */;
			proxyType = 1;
			remoteGlobalIDString = 2AA9A4E71C48D718008D8CEA;
			remoteInfo = TextUICollectViewController;
		};
/* End PBXContainerItemProxy section */

/* Begin PBXFileReference section */
		2AA9A4E81C48D718008D8CEA /* TextUICollectViewController.app */ = {isa = PBXFileReference; explicitFileType = wrapper.application; includeInIndex = 0; path = TextUICollectViewController.app; sourceTree = BUILT_PRODUCTS_DIR; };
		2AA9A4EC1C48D718008D8CEA /* main.m */ = {isa = PBXFileReference; lastKnownFileType = sourcecode.c.objc; path = main.m; sourceTree = "<group>"; };
		2AA9A4EE1C48D718008D8CEA /* AppDelegate.h */ = {isa = PBXFileReference; lastKnownFileType = sourcecode.c.h; path = AppDelegate.h; sourceTree = "<group>"; };
		2AA9A4EF1C48D718008D8CEA /* AppDelegate.m */ = {isa = PBXFileReference; lastKnownFileType = sourcecode.c.objc; path = AppDelegate.m; sourceTree = "<group>"; };
		2AA9A4F11C48D718008D8CEA /* ViewController.h */ = {isa = PBXFileReference; lastKnownFileType = sourcecode.c.h; path = ViewController.h; sourceTree = "<group>"; };
		2AA9A4F21C48D718008D8CEA /* ViewController.m */ = {isa = PBXFileReference; lastKnownFileType = sourcecode.c.objc; path = ViewController.m; sourceTree = "<group>"; };
		2AA9A4F51C48D718008D8CEA /* Base */ = {isa = PBXFileReference; lastKnownFileType = file.storyboard; name = Base; path = Base.lproj/Main.storyboard; sourceTree = "<group>"; };
		2AA9A4F71C48D718008D8CEA /* Assets.xcassets */ = {isa = PBXFileReference; lastKnownFileType = folder.assetcatalog; path = Assets.xcassets; sourceTree = "<group>"; };
		2AA9A4FA1C48D718008D8CEA /* Base */ = {isa = PBXFileReference; lastKnownFileType = file.storyboard; name = Base; path = Base.lproj/LaunchScreen.storyboard; sourceTree = "<group>"; };
		2AA9A4FC1C48D718008D8CEA /* Info.plist */ = {isa = PBXFileReference; lastKnownFileType = text.plist.xml; path = Info.plist; sourceTree = "<group>"; };
		2AA9A5011C48D718008D8CEA /* TextUICollectViewControllerTests.xctest */ = {isa = PBXFileReference; explicitFileType = wrapper.cfbundle; includeInIndex = 0; path = TextUICollectViewControllerTests.xctest; sourceTree = BUILT_PRODUCTS_DIR; };
		2AA9A5051C48D718008D8CEA /* TextUICollectViewControllerTests.m */ = {isa = PBXFileReference; lastKnownFileType = sourcecode.c.objc; path = TextUICollectViewControllerTests.m; sourceTree = "<group>"; };
		2AA9A5071C48D718008D8CEA /* Info.plist */ = {isa = PBXFileReference; lastKnownFileType = text.plist.xml; path = Info.plist; sourceTree = "<group>"; };
		2AA9A50C1C48D718008D8CEA /* TextUICollectViewControllerUITests.xctest */ = {isa = PBXFileReference; explicitFileType = wrapper.cfbundle; includeInIndex = 0; path = TextUICollectViewControllerUITests.xctest; sourceTree = BUILT_PRODUCTS_DIR; };
		2AA9A5101C48D718008D8CEA /* TextUICollectViewControllerUITests.m */ = {isa = PBXFileReference; lastKnownFileType = sourcecode.c.objc; path = TextUICollectViewControllerUITests.m; sourceTree = "<group>"; };
		2AA9A5121C48D718008D8CEA /* Info.plist */ = {isa = PBXFileReference; lastKnownFileType = text.plist.xml; path = Info.plist; sourceTree = "<group>"; };
		2AA9A51E1C48D8D4008D8CEA /* MyCollectionViewController.h */ = {isa = PBXFileReference; fileEncoding = 4; lastKnownFileType = sourcecode.c.h; path = MyCollectionViewController.h; sourceTree = "<group>"; };
		2AA9A51F1C48D8D4008D8CEA /* MyCollectionViewController.m */ = {isa = PBXFileReference; fileEncoding = 4; lastKnownFileType = sourcecode.c.objc; path = MyCollectionViewController.m; sourceTree = "<group>"; };
		2AA9A5221C48D918008D8CEA /* CustomCollectionViewFlowLayout.h */ = {isa = PBXFileReference; fileEncoding = 4; lastKnownFileType = sourcecode.c.h; path = CustomCollectionViewFlowLayout.h; sourceTree = "<group>"; };
		2AA9A5231C48D918008D8CEA /* CustomCollectionViewFlowLayout.m */ = {isa = PBXFileReference; fileEncoding = 4; lastKnownFileType = sourcecode.c.objc; path = CustomCollectionViewFlowLayout.m; sourceTree = "<group>"; };
		2AA9A5251C48D93E008D8CEA /* ImageCollectionViewCell.h */ = {isa = PBXFileReference; fileEncoding = 4; lastKnownFileType = sourcecode.c.h; path = ImageCollectionViewCell.h; sourceTree = "<group>"; };
		2AA9A5261C48D93E008D8CEA /* ImageCollectionViewCell.m */ = {isa = PBXFileReference; fileEncoding = 4; lastKnownFileType = sourcecode.c.objc; path = ImageCollectionViewCell.m; sourceTree = "<group>"; };
		2AA9A5271C48D93E008D8CEA /* ImageCollectionViewCell.xib */ = {isa = PBXFileReference; fileEncoding = 4; lastKnownFileType = file.xib; path = ImageCollectionViewCell.xib; sourceTree = "<group>"; };
		2AB4632C1CA2C309008968CE /* 1.jpg */ = {isa = PBXFileReference; lastKnownFileType = image.jpeg; path = 1.jpg; sourceTree = "<group>"; };
		2AB463331CA2C309008968CE /* 2.jpg */ = {isa = PBXFileReference; lastKnownFileType = image.jpeg; path = 2.jpg; sourceTree = "<group>"; };
		2AB463341CA2C309008968CE /* 3.jpg */ = {isa = PBXFileReference; lastKnownFileType = image.jpeg; path = 3.jpg; sourceTree = "<group>"; };
		2AB463351CA2C309008968CE /* 4.jpg */ = {isa = PBXFileReference; lastKnownFileType = image.jpeg; path = 4.jpg; sourceTree = "<group>"; };
		2AB463361CA2C309008968CE /* 5.jpg */ = {isa = PBXFileReference; lastKnownFileType = image.jpeg; path = 5.jpg; sourceTree = "<group>"; };
		2AB463371CA2C309008968CE /* 6.jpg */ = {isa = PBXFileReference; lastKnownFileType = image.jpeg; path = 6.jpg; sourceTree = "<group>"; };
		2AB463381CA2C309008968CE /* 7.jpg */ = {isa = PBXFileReference; lastKnownFileType = image.jpeg; path = 7.jpg; sourceTree = "<group>"; };
		2AB463391CA2C309008968CE /* 8.jpg */ = {isa = PBXFileReference; lastKnownFileType = image.jpeg; path = 8.jpg; sourceTree = "<group>"; };
/* End PBXFileReference section */

/* Begin PBXFrameworksBuildPhase section */
		2AA9A4E51C48D718008D8CEA /* Frameworks */ = {
			isa = PBXFrameworksBuildPhase;
			buildActionMask = 2147483647;
			files = (
			);
			runOnlyForDeploymentPostprocessing = 0;
		};
		2AA9A4FE1C48D718008D8CEA /* Frameworks */ = {
			isa = PBXFrameworksBuildPhase;
			buildActionMask = 2147483647;
			files = (
			);
			runOnlyForDeploymentPostprocessing = 0;
		};
		2AA9A5091C48D718008D8CEA /* Frameworks */ = {
			isa = PBXFrameworksBuildPhase;
			buildActionMask = 2147483647;
			files = (
			);
			runOnlyForDeploymentPostprocessing = 0;
		};
/* End PBXFrameworksBuildPhase section */

/* Begin PBXGroup section */
		2AA9A4DF1C48D718008D8CEA = {
			isa = PBXGroup;
			children = (
				2AA9A4EA1C48D718008D8CEA /* TextUICollectViewController */,
				2AA9A5041C48D718008D8CEA /* TextUICollectViewControllerTests */,
				2AA9A50F1C48D718008D8CEA /* TextUICollectViewControllerUITests */,
				2AA9A4E91C48D718008D8CEA /* Products */,
			);
			sourceTree = "<group>";
		};
		2AA9A4E91C48D718008D8CEA /* Products */ = {
			isa = PBXGroup;
			children = (
				2AA9A4E81C48D718008D8CEA /* TextUICollectViewController.app */,
				2AA9A5011C48D718008D8CEA /* TextUICollectViewControllerTests.xctest */,
				2AA9A50C1C48D718008D8CEA /* TextUICollectViewControllerUITests.xctest */,
			);
			name = Products;
			sourceTree = "<group>";
		};
		2AA9A4EA1C48D718008D8CEA /* TextUICollectViewController */ = {
			isa = PBXGroup;
			children = (
				2AB4632B1CA2C309008968CE /* scenryImages1 */,
				2AA9A4EE1C48D718008D8CEA /* AppDelegate.h */,
				2AA9A4EF1C48D718008D8CEA /* AppDelegate.m */,
				2AA9A4F11C48D718008D8CEA /* ViewController.h */,
				2AA9A4F21C48D718008D8CEA /* ViewController.m */,
				2AA9A5211C48D8E0008D8CEA /* 1 */,
				2AA9A4F41C48D718008D8CEA /* Main.storyboard */,
				2AA9A4F71C48D718008D8CEA /* Assets.xcassets */,
				2AA9A4F91C48D718008D8CEA /* LaunchScreen.storyboard */,
				2AA9A4FC1C48D718008D8CEA /* Info.plist */,
				2AA9A4EB1C48D718008D8CEA /* Supporting Files */,
			);
			path = TextUICollectViewController;
			sourceTree = "<group>";
		};
		2AA9A4EB1C48D718008D8CEA /* Supporting Files */ = {
			isa = PBXGroup;
			children = (
				2AA9A4EC1C48D718008D8CEA /* main.m */,
			);
			name = "Supporting Files";
			sourceTree = "<group>";
		};
		2AA9A5041C48D718008D8CEA /* TextUICollectViewControllerTests */ = {
			isa = PBXGroup;
			children = (
				2AA9A5051C48D718008D8CEA /* TextUICollectViewControllerTests.m */,
				2AA9A5071C48D718008D8CEA /* Info.plist */,
			);
			path = TextUICollectViewControllerTests;
			sourceTree = "<group>";
		};
		2AA9A50F1C48D718008D8CEA /* TextUICollectViewControllerUITests */ = {
			isa = PBXGroup;
			children = (
				2AA9A5101C48D718008D8CEA /* TextUICollectViewControllerUITests.m */,
				2AA9A5121C48D718008D8CEA /* Info.plist */,
			);
			path = TextUICollectViewControllerUITests;
			sourceTree = "<group>";
		};
		2AA9A5211C48D8E0008D8CEA /* 1 */ = {
			isa = PBXGroup;
			children = (
				2AA9A51E1C48D8D4008D8CEA /* MyCollectionViewController.h */,
				2AA9A51F1C48D8D4008D8CEA /* MyCollectionViewController.m */,
				2AA9A5221C48D918008D8CEA /* CustomCollectionViewFlowLayout.h */,
				2AA9A5231C48D918008D8CEA /* CustomCollectionViewFlowLayout.m */,
				2AA9A5251C48D93E008D8CEA /* ImageCollectionViewCell.h */,
				2AA9A5261C48D93E008D8CEA /* ImageCollectionViewCell.m */,
				2AA9A5271C48D93E008D8CEA /* ImageCollectionViewCell.xib */,
			);
			name = 1;
			sourceTree = "<group>";
		};
		2AB4632B1CA2C309008968CE /* scenryImages1 */ = {
			isa = PBXGroup;
			children = (
				2AB4632C1CA2C309008968CE /* 1.jpg */,
				2AB463331CA2C309008968CE /* 2.jpg */,
				2AB463341CA2C309008968CE /* 3.jpg */,
				2AB463351CA2C309008968CE /* 4.jpg */,
				2AB463361CA2C309008968CE /* 5.jpg */,
				2AB463371CA2C309008968CE /* 6.jpg */,
				2AB463381CA2C309008968CE /* 7.jpg */,
				2AB463391CA2C309008968CE /* 8.jpg */,
			);
			path = scenryImages1;
			sourceTree = "<group>";
		};
/* End PBXGroup section */

/* Begin PBXNativeTarget section */
		2AA9A4E71C48D718008D8CEA /* TextUICollectViewController */ = {
			isa = PBXNativeTarget;
			buildConfigurationList = 2AA9A5151C48D718008D8CEA /* Build configuration list for PBXNativeTarget "TextUICollectViewController" */;
			buildPhases = (
				2AA9A4E41C48D718008D8CEA /* Sources */,
				2AA9A4E51C48D718008D8CEA /* Frameworks */,
				2AA9A4E61C48D718008D8CEA /* Resources */,
			);
			buildRules = (
			);
			dependencies = (
			);
			name = TextUICollectViewController;
			productName = TextUICollectViewController;
			productReference = 2AA9A4E81C48D718008D8CEA /* TextUICollectViewController.app */;
			productType = "com.apple.product-type.application";
		};
		2AA9A5001C48D718008D8CEA /* TextUICollectViewControllerTests */ = {
			isa = PBXNativeTarget;
			buildConfigurationList = 2AA9A5181C48D718008D8CEA /* Build configuration list for PBXNativeTarget "TextUICollectViewControllerTests" */;
			buildPhases = (
				2AA9A4FD1C48D718008D8CEA /* Sources */,
				2AA9A4FE1C48D718008D8CEA /* Frameworks */,
				2AA9A4FF1C48D718008D8CEA /* Resources */,
			);
			buildRules = (
			);
			dependencies = (
				2AA9A5031C48D718008D8CEA /* PBXTargetDependency */,
			);
			name = TextUICollectViewControllerTests;
			productName = TextUICollectViewControllerTests;
			productReference = 2AA9A5011C48D718008D8CEA /* TextUICollectViewControllerTests.xctest */;
			productType = "com.apple.product-type.bundle.unit-test";
		};
		2AA9A50B1C48D718008D8CEA /* TextUICollectViewControllerUITests */ = {
			isa = PBXNativeTarget;
			buildConfigurationList = 2AA9A51B1C48D718008D8CEA /* Build configuration list for PBXNativeTarget "TextUICollectViewControllerUITests" */;
			buildPhases = (
				2AA9A5081C48D718008D8CEA /* Sources */,
				2AA9A5091C48D718008D8CEA /* Frameworks */,
				2AA9A50A1C48D718008D8CEA /* Resources */,
			);
			buildRules = (
			);
			dependencies = (
				2AA9A50E1C48D718008D8CEA /* PBXTargetDependency */,
			);
			name = TextUICollectViewControllerUITests;
			productName = TextUICollectViewControllerUITests;
			productReference = 2AA9A50C1C48D718008D8CEA /* TextUICollectViewControllerUITests.xctest */;
			productType = "com.apple.product-type.bundle.ui-testing";
		};
/* End PBXNativeTarget section */

/* Begin PBXProject section */
		2AA9A4E01C48D718008D8CEA /* Project object */ = {
			isa = PBXProject;
			attributes = {
				LastUpgradeCheck = 0710;
				ORGANIZATIONNAME = huangshuni;
				TargetAttributes = {
					2AA9A4E71C48D718008D8CEA = {
						CreatedOnToolsVersion = 7.1;
					};
					2AA9A5001C48D718008D8CEA = {
						CreatedOnToolsVersion = 7.1;
						TestTargetID = 2AA9A4E71C48D718008D8CEA;
					};
					2AA9A50B1C48D718008D8CEA = {
						CreatedOnToolsVersion = 7.1;
						TestTargetID = 2AA9A4E71C48D718008D8CEA;
					};
				};
			};
			buildConfigurationList = 2AA9A4E31C48D718008D8CEA /* Build configuration list for PBXProject "TextUICollectViewController" */;
			compatibilityVersion = "Xcode 3.2";
			developmentRegion = English;
			hasScannedForEncodings = 0;
			knownRegions = (
				en,
				Base,
			);
			mainGroup = 2AA9A4DF1C48D718008D8CEA;
			productRefGroup = 2AA9A4E91C48D718008D8CEA /* Products */;
			projectDirPath = "";
			projectRoot = "";
			targets = (
				2AA9A4E71C48D718008D8CEA /* TextUICollectViewController */,
				2AA9A5001C48D718008D8CEA /* TextUICollectViewControllerTests */,
				2AA9A50B1C48D718008D8CEA /* TextUICollectViewControllerUITests */,
			);
		};
/* End PBXProject section */

/* Begin PBXResourcesBuildPhase section */
		2AA9A4E61C48D718008D8CEA /* Resources */ = {
			isa = PBXResourcesBuildPhase;
			buildActionMask = 2147483647;
			files = (
				2AA9A4FB1C48D718008D8CEA /* LaunchScreen.storyboard in Resources */,
				2AB463431CA2C309008968CE /* 3.jpg in Resources */,
				2AA9A4F81C48D718008D8CEA /* Assets.xcassets in Resources */,
				2AB463451CA2C309008968CE /* 5.jpg in Resources */,
				2AA9A5291C48D93E008D8CEA /* ImageCollectionViewCell.xib in Resources */,
				2AB463421CA2C309008968CE /* 2.jpg in Resources */,
				2AB463441CA2C309008968CE /* 4.jpg in Resources */,
				2AB463471CA2C309008968CE /* 7.jpg in Resources */,
				2AB463461CA2C309008968CE /* 6.jpg in Resources */,
				2AB463481CA2C309008968CE /* 8.jpg in Resources */,
				2AA9A4F61C48D718008D8CEA /* Main.storyboard in Resources */,
				2AB4633B1CA2C309008968CE /* 1.jpg in Resources */,
			);
			runOnlyForDeploymentPostprocessing = 0;
		};
		2AA9A4FF1C48D718008D8CEA /* Resources */ = {
			isa = PBXResourcesBuildPhase;
			buildActionMask = 2147483647;
			files = (
			);
			runOnlyForDeploymentPostprocessing = 0;
		};
		2AA9A50A1C48D718008D8CEA /* Resources */ = {
			isa = PBXResourcesBuildPhase;
			buildActionMask = 2147483647;
			files = (
			);
			runOnlyForDeploymentPostprocessing = 0;
		};
/* End PBXResourcesBuildPhase section */

/* Begin PBXSourcesBuildPhase section */
		2AA9A4E41C48D718008D8CEA /* Sources */ = {
			isa = PBXSourcesBuildPhase;
			buildActionMask = 2147483647;
			files = (
				2AA9A5201C48D8D4008D8CEA /* MyCollectionViewController.m in Sources */,
				2AA9A4F31C48D718008D8CEA /* ViewController.m in Sources */,
				2AA9A4F01C48D718008D8CEA /* AppDelegate.m in Sources */,
				2AA9A4ED1C48D718008D8CEA /* main.m in Sources */,
				2AA9A5281C48D93E008D8CEA /* ImageCollectionViewCell.m in Sources */,
				2AA9A5241C48D918008D8CEA /* CustomCollectionViewFlowLayout.m in Sources */,
			);
			runOnlyForDeploymentPostprocessing = 0;
		};
		2AA9A4FD1C48D718008D8CEA /* Sources */ = {
			isa = PBXSourcesBuildPhase;
			buildActionMask = 2147483647;
			files = (
				2AA9A5061C48D718008D8CEA /* TextUICollectViewControllerTests.m in Sources */,
			);
			runOnlyForDeploymentPostprocessing = 0;
		};
		2AA9A5081C48D718008D8CEA /* Sources */ = {
			isa = PBXSourcesBuildPhase;
			buildActionMask = 2147483647;
			files = (
				2AA9A5111C48D718008D8CEA /* TextUICollectViewControllerUITests.m in Sources */,
			);
			runOnlyForDeploymentPostprocessing = 0;
		};
/* End PBXSourcesBuildPhase section */

/* Begin PBXTargetDependency section */
		2AA9A5031C48D718008D8CEA /* PBXTargetDependency */ = {
			isa = PBXTargetDependency;
			target = 2AA9A4E71C48D718008D8CEA /* TextUICollectViewController */;
			targetProxy = 2AA9A5021C48D718008D8CEA /* PBXContainerItemProxy */;
		};
		2AA9A50E1C48D718008D8CEA /* PBXTargetDependency */ = {
			isa = PBXTargetDependency;
			target = 2AA9A4E71C48D718008D8CEA /* TextUICollectViewController */;
			targetProxy = 2AA9A50D1C48D718008D8CEA /* PBXContainerItemProxy */;
		};
/* End PBXTargetDependency section */

/* Begin PBXVariantGroup section */
		2AA9A4F41C48D718008D8CEA /* Main.storyboard */ = {
			isa = PBXVariantGroup;
			children = (
				2AA9A4F51C48D718008D8CEA /* Base */,
			);
			name = Main.storyboard;
			sourceTree = "<group>";
		};
		2AA9A4F91C48D718008D8CEA /* LaunchScreen.storyboard */ = {
			isa = PBXVariantGroup;
			children = (
				2AA9A4FA1C48D718008D8CEA /* Base */,
			);
			name = LaunchScreen.storyboard;
			sourceTree = "<group>";
		};
/* End PBXVariantGroup section */

/* Begin XCBuildConfiguration section */
		2AA9A5131C48D718008D8CEA /* Debug */ = {
			isa = XCBuildConfiguration;
			buildSettings = {
				ALWAYS_SEARCH_USER_PATHS = NO;
				CLANG_CXX_LANGUAGE_STANDARD = "gnu++0x";
				CLANG_CXX_LIBRARY = "libc++";
				CLANG_ENABLE_MODULES = YES;
				CLANG_ENABLE_OBJC_ARC = YES;
				CLANG_WARN_BOOL_CONVERSION = YES;
				CLANG_WARN_CONSTANT_CONVERSION = YES;
				CLANG_WARN_DIRECT_OBJC_ISA_USAGE = YES_ERROR;
				CLANG_WARN_EMPTY_BODY = YES;
				CLANG_WARN_ENUM_CONVERSION = YES;
				CLANG_WARN_INT_CONVERSION = YES;
				CLANG_WARN_OBJC_ROOT_CLASS = YES_ERROR;
				CLANG_WARN_UNREACHABLE_CODE = YES;
				CLANG_WARN__DUPLICATE_METHOD_MATCH = YES;
				"CODE_SIGN_IDENTITY[sdk=iphoneos*]" = "iPhone Developer";
				COPY_PHASE_STRIP = NO;
				DEBUG_INFORMATION_FORMAT = dwarf;
				ENABLE_STRICT_OBJC_MSGSEND = YES;
				ENABLE_TESTABILITY = YES;
				GCC_C_LANGUAGE_STANDARD = gnu99;
				GCC_DYNAMIC_NO_PIC = NO;
				GCC_NO_COMMON_BLOCKS = YES;
				GCC_OPTIMIZATION_LEVEL = 0;
				GCC_PREPROCESSOR_DEFINITIONS = (
					"DEBUG=1",
					"$(inherited)",
				);
				GCC_WARN_64_TO_32_BIT_CONVERSION = YES;
				GCC_WARN_ABOUT_RETURN_TYPE = YES_ERROR;
				GCC_WARN_UNDECLARED_SELECTOR = YES;
				GCC_WARN_UNINITIALIZED_AUTOS = YES_AGGRESSIVE;
				GCC_WARN_UNUSED_FUNCTION = YES;
				GCC_WARN_UNUSED_VARIABLE = YES;
				IPHONEOS_DEPLOYMENT_TARGET = 9.1;
				MTL_ENABLE_DEBUG_INFO = YES;
				ONLY_ACTIVE_ARCH = YES;
				SDKROOT = iphoneos;
			};
			name = Debug;
		};
		2AA9A5141C48D718008D8CEA /* Release */ = {
			isa = XCBuildConfiguration;
			buildSettings = {
				ALWAYS_SEARCH_USER_PATHS = NO;
				CLANG_CXX_LANGUAGE_STANDARD = "gnu++0x";
				CLANG_CXX_LIBRARY = "libc++";
				CLANG_ENABLE_MODULES = YES;
				CLANG_ENABLE_OBJC_ARC = YES;
				CLANG_WARN_BOOL_CONVERSION = YES;
				CLANG_WARN_CONSTANT_CONVERSION = YES;
				CLANG_WARN_DIRECT_OBJC_ISA_USAGE = YES_ERROR;
				CLANG_WARN_EMPTY_BODY = YES;
				CLANG_WARN_ENUM_CONVERSION = YES;
				CLANG_WARN_INT_CONVERSION = YES;
				CLANG_WARN_OBJC_ROOT_CLASS = YES_ERROR;
				CLANG_WARN_UNREACHABLE_CODE = YES;
				CLANG_WARN__DUPLICATE_METHOD_MATCH = YES;
				"CODE_SIGN_IDENTITY[sdk=iphoneos*]" = "iPhone Developer";
				COPY_PHASE_STRIP = NO;
				DEBUG_INFORMATION_FORMAT = "dwarf-with-dsym";
				ENABLE_NS_ASSERTIONS = NO;
				ENABLE_STRICT_OBJC_MSGSEND = YES;
				GCC_C_LANGUAGE_STANDARD = gnu99;
				GCC_NO_COMMON_BLOCKS = YES;
				GCC_WARN_64_TO_32_BIT_CONVERSION = YES;
				GCC_WARN_ABOUT_RETURN_TYPE = YES_ERROR;
				GCC_WARN_UNDECLARED_SELECTOR = YES;
				GCC_WARN_UNINITIALIZED_AUTOS = YES_AGGRESSIVE;
				GCC_WARN_UNUSED_FUNCTION = YES;
				GCC_WARN_UNUSED_VARIABLE = YES;
				IPHONEOS_DEPLOYMENT_TARGET = 9.1;
				MTL_ENABLE_DEBUG_INFO = NO;
				SDKROOT = iphoneos;
				VALIDATE_PRODUCT = YES;
			};
			name = Release;
		};
		2AA9A5161C48D718008D8CEA /* Debug */ = {
			isa = XCBuildConfiguration;
			buildSettings = {
				ASSETCATALOG_COMPILER_APPICON_NAME = AppIcon;
				INFOPLIST_FILE = TextUICollectViewController/Info.plist;
				LD_RUNPATH_SEARCH_PATHS = "$(inherited) @executable_path/Frameworks";
				PRODUCT_BUNDLE_IDENTIFIER = com.shuni.TextUICollectViewController;
				PRODUCT_NAME = "$(TARGET_NAME)";
			};
			name = Debug;
		};
		2AA9A5171C48D718008D8CEA /* Release */ = {
			isa = XCBuildConfiguration;
			buildSettings = {
				ASSETCATALOG_COMPILER_APPICON_NAME = AppIcon;
				INFOPLIST_FILE = TextUICollectViewController/Info.plist;
				LD_RUNPATH_SEARCH_PATHS = "$(inherited) @executable_path/Frameworks";
				PRODUCT_BUNDLE_IDENTIFIER = com.shuni.TextUICollectViewController;
				PRODUCT_NAME = "$(TARGET_NAME)";
			};
			name = Release;
		};
		2AA9A5191C48D718008D8CEA /* Debug */ = {
			isa = XCBuildConfiguration;
			buildSettings = {
				BUNDLE_LOADER = "$(TEST_HOST)";
				INFOPLIST_FILE = TextUICollectViewControllerTests/Info.plist;
				LD_RUNPATH_SEARCH_PATHS = "$(inherited) @executable_path/Frameworks @loader_path/Frameworks";
				PRODUCT_BUNDLE_IDENTIFIER = com.LKB.lkb.TextUICollectViewControllerTests;
				PRODUCT_NAME = "$(TARGET_NAME)";
				TEST_HOST = "$(BUILT_PRODUCTS_DIR)/TextUICollectViewController.app/TextUICollectViewController";
			};
			name = Debug;
		};
		2AA9A51A1C48D718008D8CEA /* Release */ = {
			isa = XCBuildConfiguration;
			buildSettings = {
				BUNDLE_LOADER = "$(TEST_HOST)";
				INFOPLIST_FILE = TextUICollectViewControllerTests/Info.plist;
				LD_RUNPATH_SEARCH_PATHS = "$(inherited) @executable_path/Frameworks @loader_path/Frameworks";
				PRODUCT_BUNDLE_IDENTIFIER = com.LKB.lkb.TextUICollectViewControllerTests;
				PRODUCT_NAME = "$(TARGET_NAME)";
				TEST_HOST = "$(BUILT_PRODUCTS_DIR)/TextUICollectViewController.app/TextUICollectViewController";
			};
			name = Release;
		};
		2AA9A51C1C48D718008D8CEA /* Debug */ = {
			isa = XCBuildConfiguration;
			buildSettings = {
				INFOPLIST_FILE = TextUICollectViewControllerUITests/Info.plist;
				LD_RUNPATH_SEARCH_PATHS = "$(inherited) @executable_path/Frameworks @loader_path/Frameworks";
				PRODUCT_BUNDLE_IDENTIFIER = com.LKB.lkb.TextUICollectViewControllerUITests;
				PRODUCT_NAME = "$(TARGET_NAME)";
				TEST_TARGET_NAME = TextUICollectViewController;
				USES_XCTRUNNER = YES;
			};
			name = Debug;
		};
		2AA9A51D1C48D718008D8CEA /* Release */ = {
			isa = XCBuildConfiguration;
			buildSettings = {
				INFOPLIST_FILE = TextUICollectViewControllerUITests/Info.plist;
				LD_RUNPATH_SEARCH_PATHS = "$(inherited) @executable_path/Frameworks @loader_path/Frameworks";
				PRODUCT_BUNDLE_IDENTIFIER = com.LKB.lkb.TextUICollectViewControllerUITests;
				PRODUCT_NAME = "$(TARGET_NAME)";
				TEST_TARGET_NAME = TextUICollectViewController;
				USES_XCTRUNNER = YES;
			};
			name = Release;
		};
/* End XCBuildConfiguration section */

/* Begin XCConfigurationList section */
		2AA9A4E31C48D718008D8CEA /* Build configuration list for PBXProject "TextUICollectViewController" */ = {
			isa = XCConfigurationList;
			buildConfigurations = (
				2AA9A5131C48D718008D8CEA /* Debug */,
				2AA9A5141C48D718008D8CEA /* Release */,
			);
			defaultConfigurationIsVisible = 0;
			defaultConfigurationName = Release;
		};
		2AA9A5151C48D718008D8CEA /* Build configuration list for PBXNativeTarget "TextUICollectViewController" */ = {
			isa = XCConfigurationList;
			buildConfigurations = (
				2AA9A5161C48D718008D8CEA /* Debug */,
				2AA9A5171C48D718008D8CEA /* Release */,
			);
			defaultConfigurationIsVisible = 0;
			defaultConfigurationName = Release;
		};
		2AA9A5181C48D718008D8CEA /* Build configuration list for PBXNativeTarget "TextUICollectViewControllerTests" */ = {
			isa = XCConfigurationList;
			buildConfigurations = (
				2AA9A5191C48D718008D8CEA /* Debug */,
				2AA9A51A1C48D718008D8CEA /* Release */,
			);
			defaultConfigurationIsVisible = 0;
			defaultConfigurationName = Release;
		};
		2AA9A51B1C48D718008D8CEA /* Build configuration list for PBXNativeTarget "TextUICollectViewControllerUITests" */ = {
			isa = XCConfigurationList;
			buildConfigurations = (
				2AA9A51C1C48D718008D8CEA /* Debug */,
				2AA9A51D1C48D718008D8CEA /* Release */,
			);
			defaultConfigurationIsVisible = 0;
			defaultConfigurationName = Release;
		};
/* End XCConfigurationList section */
	};
	rootObject = 2AA9A4E01C48D718008D8CEA /* Project object */;
}
